
Microsoft Visual Studio Solution File, Format Version 12.00
# Visual Studio 15
VisualStudioVersion = 15.0.28307.421
MinimumVisualStudioVersion = 10.0.40219.1
Project("{8BC9CEB8-8B4A-11D0-8D11-00A0C91BC942}") = "Crank-Nicholson", "Crank-Nicholson\Crank-Nicholson.vcxproj", "{9D282948-0E33-40E1-93A9-354A67947571}"
EndProject
Global
	GlobalSection(SolutionConfigurationPlatforms) = preSolution
		Debug|x64 = Debug|x64
		Debug|x86 = Debug|x86
		Release|x64 = Release|x64
		Release|x86 = Release|x86
	EndGlobalSection
	GlobalSection(ProjectConfigurationPlatforms) = postSolution
		{9D282948-0E33-40E1-93A9-354A67947571}.Debug|x64.ActiveCfg = Debug|x64
		{9D282948-0E33-40E1-93A9-354A67947571}.Debug|x64.Build.0 = Debug|x64
		{9D282948-0E33-40E1-93A9-354A67947571}.Debug|x86.ActiveCfg = Debug|Win32
		{9D282948-0E33-40E1-93A9-354A67947571}.Debug|x86.Build.0 = Debug|Win32
		{9D282948-0E33-40E1-93A9-354A67947571}.Release|x64.ActiveCfg = Release|x64
		{9D282948-0E33-40E1-93A9-354A67947571}.Release|x64.Build.0 = Release|x64
		{9D282948-0E33-40E1-93A9-354A67947571}.Release|x86.ActiveCfg = Release|Win32
		{9D282948-0E33-40E1-93A9-354A67947571}.Release|x86.Build.0 = Release|Win32
	EndGlobalSection
	GlobalSection(SolutionProperties) = preSolution
		HideSolutionNode = FALSE
	EndGlobalSection
	GlobalSection(ExtensibilityGlobals) = postSolution
		SolutionGuid = {0043E45E-850D-4B43-B2A3-8F0AD4E69039}
	EndGlobalSection
EndGlobal
